
Microsoft Visual Studio Solution File, Format Version 12.00
# Visual Studio Version 17
VisualStudioVersion = 17.10.34916.146
MinimumVisualStudioVersion = 10.0.40219.1
Project("{FAE04EC0-301F-11D3-BF4B-00C04F79EFBC}") = "Inventario.COMMON", "Inventario.COMMON\Inventario.COMMON.csproj", "{1AB3F201-06FB-4E2C-A841-8E6521A9BF6F}"
EndProject
Project("{FAE04EC0-301F-11D3-BF4B-00C04F79EFBC}") = "Inventario.DAL", "Inventario.DAL\Inventario.DAL.csproj", "{BC451DF9-757A-477D-A64C-053439104324}"
EndProject
Global
	GlobalSection(SolutionConfigurationPlatforms) = preSolution
		Debug|Any CPU = Debug|Any CPU
		Release|Any CPU = Release|Any CPU
	EndGlobalSection
	GlobalSection(ProjectConfigurationPlatforms) = postSolution
		{1AB3F201-06FB-4E2C-A841-8E6521A9BF6F}.Debug|Any CPU.ActiveCfg = Debug|Any CPU
		{1AB3F201-06FB-4E2C-A841-8E6521A9BF6F}.Debug|Any CPU.Build.0 = Debug|Any CPU
		{1AB3F201-06FB-4E2C-A841-8E6521A9BF6F}.Release|Any CPU.ActiveCfg = Release|Any CPU
		{1AB3F201-06FB-4E2C-A841-8E6521A9BF6F}.Release|Any CPU.Build.0 = Release|Any CPU
		{BC451DF9-757A-477D-A64C-053439104324}.Debug|Any CPU.ActiveCfg = Debug|Any CPU
		{BC451DF9-757A-477D-A64C-053439104324}.Debug|Any CPU.Build.0 = Debug|Any CPU
		{BC451DF9-757A-477D-A64C-053439104324}.Release|Any CPU.ActiveCfg = Release|Any CPU
		{BC451DF9-757A-477D-A64C-053439104324}.Release|Any CPU.Build.0 = Release|Any CPU
	EndGlobalSection
	GlobalSection(SolutionProperties) = preSolution
		HideSolutionNode = FALSE
	EndGlobalSection
	GlobalSection(ExtensibilityGlobals) = postSolution
		SolutionGuid = {00D4CD72-BDAE-44D6-B15B-4B7254204B69}
	EndGlobalSection
EndGlobal
